// !$*UTF8*$!
{
	archiveVersion = 1;
	classes = {
	};
	objectVersion = 56;
	objects = {

/* Begin PBXBuildFile section */
		CE6458A72974B47B00DBDDE8 /* AppDelegate.swift in Sources */ = {isa = PBXBuildFile; fileRef = CE6458A62974B47B00DBDDE8 /* AppDelegate.swift */; };
		CE6458AB2974B47B00DBDDE8 /* MainViewController.swift in Sources */ = {isa = PBXBuildFile; fileRef = CE6458AA2974B47B00DBDDE8 /* MainViewController.swift */; };
		CE6458B02974B47D00DBDDE8 /* Assets.xcassets in Resources */ = {isa = PBXBuildFile; fileRef = CE6458AF2974B47D00DBDDE8 /* Assets.xcassets */; };
		CE6458B32974B47D00DBDDE8 /* LaunchScreen.storyboard in Resources */ = {isa = PBXBuildFile; fileRef = CE6458B12974B47D00DBDDE8 /* LaunchScreen.storyboard */; };
		CE6458BC2974CD4500DBDDE8 /* SliderViewController.swift in Sources */ = {isa = PBXBuildFile; fileRef = CE6458BB2974CD4500DBDDE8 /* SliderViewController.swift */; };
		CEC79ED82975A3C700C6D051 /* ResultViewController.swift in Sources */ = {isa = PBXBuildFile; fileRef = CEC79ED72975A3C700C6D051 /* ResultViewController.swift */; };
		CEC79EDC2975AFC200C6D051 /* Styles.swift in Sources */ = {isa = PBXBuildFile; fileRef = CEC79EDB2975AFC200C6D051 /* Styles.swift */; };
/* End PBXBuildFile section */

/* Begin PBXFileReference section */
		CE6458A32974B47B00DBDDE8 /* BMICalculator-Marathon.app */ = {isa = PBXFileReference; explicitFileType = wrapper.application; includeInIndex = 0; path = "BMICalculator-Marathon.app"; sourceTree = BUILT_PRODUCTS_DIR; };
		CE6458A62974B47B00DBDDE8 /* AppDelegate.swift */ = {isa = PBXFileReference; lastKnownFileType = sourcecode.swift; path = AppDelegate.swift; sourceTree = "<group>"; };
		CE6458AA2974B47B00DBDDE8 /* MainViewController.swift */ = {isa = PBXFileReference; lastKnownFileType = sourcecode.swift; path = MainViewController.swift; sourceTree = "<group>"; };
		CE6458AF2974B47D00DBDDE8 /* Assets.xcassets */ = {isa = PBXFileReference; lastKnownFileType = folder.assetcatalog; path = Assets.xcassets; sourceTree = "<group>"; };
		CE6458B22974B47D00DBDDE8 /* Base */ = {isa = PBXFileReference; lastKnownFileType = file.storyboard; name = Base; path = Base.lproj/LaunchScreen.storyboard; sourceTree = "<group>"; };
		CE6458B42974B47D00DBDDE8 /* Info.plist */ = {isa = PBXFileReference; lastKnownFileType = text.plist.xml; path = Info.plist; sourceTree = "<group>"; };
		CE6458BB2974CD4500DBDDE8 /* SliderViewController.swift */ = {isa = PBXFileReference; lastKnownFileType = sourcecode.swift; path = SliderViewController.swift; sourceTree = "<group>"; };
		CEC79ED72975A3C700C6D051 /* ResultViewController.swift */ = {isa = PBXFileReference; lastKnownFileType = sourcecode.swift; path = ResultViewController.swift; sourceTree = "<group>"; };
		CEC79EDB2975AFC200C6D051 /* Styles.swift */ = {isa = PBXFileReference; lastKnownFileType = sourcecode.swift; path = Styles.swift; sourceTree = "<group>"; };
/* End PBXFileReference section */

/* Begin PBXFrameworksBuildPhase section */
		CE6458A02974B47B00DBDDE8 /* Frameworks */ = {
			isa = PBXFrameworksBuildPhase;
			buildActionMask = 2147483647;
			files = (
			);
			runOnlyForDeploymentPostprocessing = 0;
		};
/* End PBXFrameworksBuildPhase section */

/* Begin PBXGroup section */
		CE64589A2974B47B00DBDDE8 = {
			isa = PBXGroup;
			children = (
				CE6458A52974B47B00DBDDE8 /* BMICalculator-Marathon */,
				CE6458A42974B47B00DBDDE8 /* Products */,
			);
			sourceTree = "<group>";
		};
		CE6458A42974B47B00DBDDE8 /* Products */ = {
			isa = PBXGroup;
			children = (
				CE6458A32974B47B00DBDDE8 /* BMICalculator-Marathon.app */,
			);
			name = Products;
			sourceTree = "<group>";
		};
		CE6458A52974B47B00DBDDE8 /* BMICalculator-Marathon */ = {
			isa = PBXGroup;
			children = (
				CE6458A62974B47B00DBDDE8 /* AppDelegate.swift */,
				CEC79EDF297608C200C6D051 /* View */,
				CEC79EDD297608B400C6D051 /* Model */,
				CE6458BA2974C76C00DBDDE8 /* Files */,
			);
			path = "BMICalculator-Marathon";
			sourceTree = "<group>";
		};
		CE6458BA2974C76C00DBDDE8 /* Files */ = {
			isa = PBXGroup;
			children = (
				CE6458AF2974B47D00DBDDE8 /* Assets.xcassets */,
				CE6458B12974B47D00DBDDE8 /* LaunchScreen.storyboard */,
				CE6458B42974B47D00DBDDE8 /* Info.plist */,
			);
			name = Files;
			sourceTree = "<group>";
		};
		CEC79EDD297608B400C6D051 /* Model */ = {
			isa = PBXGroup;
			children = (
				CEC79EDB2975AFC200C6D051 /* Styles.swift */,
			);
			path = Model;
			sourceTree = "<group>";
		};
		CEC79EDF297608C200C6D051 /* View */ = {
			isa = PBXGroup;
			children = (
				CE6458AA2974B47B00DBDDE8 /* MainViewController.swift */,
				CEC79ED72975A3C700C6D051 /* ResultViewController.swift */,
				CE6458BB2974CD4500DBDDE8 /* SliderViewController.swift */,
			);
			path = View;
			sourceTree = "<group>";
		};
/* End PBXGroup section */

/* Begin PBXNativeTarget section */
		CE6458A22974B47B00DBDDE8 /* BMICalculator-Marathon */ = {
			isa = PBXNativeTarget;
			buildConfigurationList = CE6458B72974B47D00DBDDE8 /* Build configuration list for PBXNativeTarget "BMICalculator-Marathon" */;
			buildPhases = (
				CE64589F2974B47B00DBDDE8 /* Sources */,
				CE6458A02974B47B00DBDDE8 /* Frameworks */,
				CE6458A12974B47B00DBDDE8 /* Resources */,
			);
			buildRules = (
			);
			dependencies = (
			);
			name = "BMICalculator-Marathon";
			productName = "BMICalculator-Marathon";
			productReference = CE6458A32974B47B00DBDDE8 /* BMICalculator-Marathon.app */;
			productType = "com.apple.product-type.application";
		};
/* End PBXNativeTarget section */

/* Begin PBXProject section */
		CE64589B2974B47B00DBDDE8 /* Project object */ = {
			isa = PBXProject;
			attributes = {
				BuildIndependentTargetsInParallel = 1;
				LastSwiftUpdateCheck = 1410;
				LastUpgradeCheck = 1410;
				TargetAttributes = {
					CE6458A22974B47B00DBDDE8 = {
						CreatedOnToolsVersion = 14.1;
					};
				};
			};
			buildConfigurationList = CE64589E2974B47B00DBDDE8 /* Build configuration list for PBXProject "BMICalculator-Marathon" */;
			compatibilityVersion = "Xcode 14.0";
			developmentRegion = en;
			hasScannedForEncodings = 0;
			knownRegions = (
				en,
				Base,
			);
			mainGroup = CE64589A2974B47B00DBDDE8;
			productRefGroup = CE6458A42974B47B00DBDDE8 /* Products */;
			projectDirPath = "";
			projectRoot = "";
			targets = (
				CE6458A22974B47B00DBDDE8 /* BMICalculator-Marathon */,
			);
		};
/* End PBXProject section */

/* Begin PBXResourcesBuildPhase section */
		CE6458A12974B47B00DBDDE8 /* Resources */ = {
			isa = PBXResourcesBuildPhase;
			buildActionMask = 2147483647;
			files = (
				CE6458B32974B47D00DBDDE8 /* LaunchScreen.storyboard in Resources */,
				CE6458B02974B47D00DBDDE8 /* Assets.xcassets in Resources */,
			);
			runOnlyForDeploymentPostprocessing = 0;
		};
/* End PBXResourcesBuildPhase section */

/* Begin PBXSourcesBuildPhase section */
		CE64589F2974B47B00DBDDE8 /* Sources */ = {
			isa = PBXSourcesBuildPhase;
			buildActionMask = 2147483647;
			files = (
				CE6458BC2974CD4500DBDDE8 /* SliderViewController.swift in Sources */,
				CEC79EDC2975AFC200C6D051 /* Styles.swift in Sources */,
				CE6458AB2974B47B00DBDDE8 /* MainViewController.swift in Sources */,
				CE6458A72974B47B00DBDDE8 /* AppDelegate.swift in Sources */,
				CEC79ED82975A3C700C6D051 /* ResultViewController.swift in Sources */,
			);
			runOnlyForDeploymentPostprocessing = 0;
		};
/* End PBXSourcesBuildPhase section */

/* Begin PBXVariantGroup section */
		CE6458B12974B47D00DBDDE8 /* LaunchScreen.storyboard */ = {
			isa = PBXVariantGroup;
			children = (
				CE6458B22974B47D00DBDDE8 /* Base */,
			);
			name = LaunchScreen.storyboard;
			sourceTree = "<group>";
		};
/* End PBXVariantGroup section */

/* Begin XCBuildConfiguration section */
		CE6458B52974B47D00DBDDE8 /* Debug */ = {
			isa = XCBuildConfiguration;
			buildSettings = {
				ALWAYS_SEARCH_USER_PATHS = NO;
				CLANG_ANALYZER_NONNULL = YES;
				CLANG_ANALYZER_NUMBER_OBJECT_CONVERSION = YES_AGGRESSIVE;
				CLANG_CXX_LANGUAGE_STANDARD = "gnu++20";
				CLANG_ENABLE_MODULES = YES;
				CLANG_ENABLE_OBJC_ARC = YES;
				CLANG_ENABLE_OBJC_WEAK = YES;
				CLANG_WARN_BLOCK_CAPTURE_AUTORELEASING = YES;
				CLANG_WARN_BOOL_CONVERSION = YES;
				CLANG_WARN_COMMA = YES;
				CLANG_WARN_CONSTANT_CONVERSION = YES;
				CLANG_WARN_DEPRECATED_OBJC_IMPLEMENTATIONS = YES;
				CLANG_WARN_DIRECT_OBJC_ISA_USAGE = YES_ERROR;
				CLANG_WARN_DOCUMENTATION_COMMENTS = YES;
				CLANG_WARN_EMPTY_BODY = YES;
				CLANG_WARN_ENUM_CONVERSION = YES;
				CLANG_WARN_INFINITE_RECURSION = YES;
				CLANG_WARN_INT_CONVERSION = YES;
				CLANG_WARN_NON_LITERAL_NULL_CONVERSION = YES;
				CLANG_WARN_OBJC_IMPLICIT_RETAIN_SELF = YES;
				CLANG_WARN_OBJC_LITERAL_CONVERSION = YES;
				CLANG_WARN_OBJC_ROOT_CLASS = YES_ERROR;
				CLANG_WARN_QUOTED_INCLUDE_IN_FRAMEWORK_HEADER = YES;
				CLANG_WARN_RANGE_LOOP_ANALYSIS = YES;
				CLANG_WARN_STRICT_PROTOTYPES = YES;
				CLANG_WARN_SUSPICIOUS_MOVE = YES;
				CLANG_WARN_UNGUARDED_AVAILABILITY = YES_AGGRESSIVE;
				CLANG_WARN_UNREACHABLE_CODE = YES;
				CLANG_WARN__DUPLICATE_METHOD_MATCH = YES;
				COPY_PHASE_STRIP = NO;
				DEBUG_INFORMATION_FORMAT = dwarf;
				ENABLE_STRICT_OBJC_MSGSEND = YES;
				ENABLE_TESTABILITY = YES;
				GCC_C_LANGUAGE_STANDARD = gnu11;
				GCC_DYNAMIC_NO_PIC = NO;
				GCC_NO_COMMON_BLOCKS = YES;
				GCC_OPTIMIZATION_LEVEL = 0;
				GCC_PREPROCESSOR_DEFINITIONS = (
					"DEBUG=1",
					"$(inherited)",
				);
				GCC_WARN_64_TO_32_BIT_CONVERSION = YES;
				GCC_WARN_ABOUT_RETURN_TYPE = YES_ERROR;
				GCC_WARN_UNDECLARED_SELECTOR = YES;
				GCC_WARN_UNINITIALIZED_AUTOS = YES_AGGRESSIVE;
				GCC_WARN_UNUSED_FUNCTION = YES;
				GCC_WARN_UNUSED_VARIABLE = YES;
				IPHONEOS_DEPLOYMENT_TARGET = 16.1;
				MTL_ENABLE_DEBUG_INFO = INCLUDE_SOURCE;
				MTL_FAST_MATH = YES;
				ONLY_ACTIVE_ARCH = YES;
				SDKROOT = iphoneos;
				SWIFT_ACTIVE_COMPILATION_CONDITIONS = DEBUG;
				SWIFT_OPTIMIZATION_LEVEL = "-Onone";
			};
			name = Debug;
		};
		CE6458B62974B47D00DBDDE8 /* Release */ = {
			isa = XCBuildConfiguration;
			buildSettings = {
				ALWAYS_SEARCH_USER_PATHS = NO;
				CLANG_ANALYZER_NONNULL = YES;
				CLANG_ANALYZER_NUMBER_OBJECT_CONVERSION = YES_AGGRESSIVE;
				CLANG_CXX_LANGUAGE_STANDARD = "gnu++20";
				CLANG_ENABLE_MODULES = YES;
				CLANG_ENABLE_OBJC_ARC = YES;
				CLANG_ENABLE_OBJC_WEAK = YES;
				CLANG_WARN_BLOCK_CAPTURE_AUTORELEASING = YES;
				CLANG_WARN_BOOL_CONVERSION = YES;
				CLANG_WARN_COMMA = YES;
				CLANG_WARN_CONSTANT_CONVERSION = YES;
				CLANG_WARN_DEPRECATED_OBJC_IMPLEMENTATIONS = YES;
				CLANG_WARN_DIRECT_OBJC_ISA_USAGE = YES_ERROR;
				CLANG_WARN_DOCUMENTATION_COMMENTS = YES;
				CLANG_WARN_EMPTY_BODY = YES;
				CLANG_WARN_ENUM_CONVERSION = YES;
				CLANG_WARN_INFINITE_RECURSION = YES;
				CLANG_WARN_INT_CONVERSION = YES;
				CLANG_WARN_NON_LITERAL_NULL_CONVERSION = YES;
				CLANG_WARN_OBJC_IMPLICIT_RETAIN_SELF = YES;
				CLANG_WARN_OBJC_LITERAL_CONVERSION = YES;
				CLANG_WARN_OBJC_ROOT_CLASS = YES_ERROR;
				CLANG_WARN_QUOTED_INCLUDE_IN_FRAMEWORK_HEADER = YES;
				CLANG_WARN_RANGE_LOOP_ANALYSIS = YES;
				CLANG_WARN_STRICT_PROTOTYPES = YES;
				CLANG_WARN_SUSPICIOUS_MOVE = YES;
				CLANG_WARN_UNGUARDED_AVAILABILITY = YES_AGGRESSIVE;
				CLANG_WARN_UNREACHABLE_CODE = YES;
				CLANG_WARN__DUPLICATE_METHOD_MATCH = YES;
				COPY_PHASE_STRIP = NO;
				DEBUG_INFORMATION_FORMAT = "dwarf-with-dsym";
				ENABLE_NS_ASSERTIONS = NO;
				ENABLE_STRICT_OBJC_MSGSEND = YES;
				GCC_C_LANGUAGE_STANDARD = gnu11;
				GCC_NO_COMMON_BLOCKS = YES;
				GCC_WARN_64_TO_32_BIT_CONVERSION = YES;
				GCC_WARN_ABOUT_RETURN_TYPE = YES_ERROR;
				GCC_WARN_UNDECLARED_SELECTOR = YES;
				GCC_WARN_UNINITIALIZED_AUTOS = YES_AGGRESSIVE;
				GCC_WARN_UNUSED_FUNCTION = YES;
				GCC_WARN_UNUSED_VARIABLE = YES;
				IPHONEOS_DEPLOYMENT_TARGET = 16.1;
				MTL_ENABLE_DEBUG_INFO = NO;
				MTL_FAST_MATH = YES;
				SDKROOT = iphoneos;
				SWIFT_COMPILATION_MODE = wholemodule;
				SWIFT_OPTIMIZATION_LEVEL = "-O";
				VALIDATE_PRODUCT = YES;
			};
			name = Release;
		};
		CE6458B82974B47D00DBDDE8 /* Debug */ = {
			isa = XCBuildConfiguration;
			buildSettings = {
				ASSETCATALOG_COMPILER_APPICON_NAME = AppIcon;
				ASSETCATALOG_COMPILER_GLOBAL_ACCENT_COLOR_NAME = AccentColor;
				CODE_SIGN_STYLE = Automatic;
				CURRENT_PROJECT_VERSION = 1;
				DEVELOPMENT_TEAM = W4T587833Q;
				GENERATE_INFOPLIST_FILE = YES;
				INFOPLIST_FILE = "BMICalculator-Marathon/Info.plist";
				INFOPLIST_KEY_UIApplicationSupportsIndirectInputEvents = YES;
				INFOPLIST_KEY_UILaunchStoryboardName = LaunchScreen;
				INFOPLIST_KEY_UISupportedInterfaceOrientations = UIInterfaceOrientationPortrait;
				INFOPLIST_KEY_UISupportedInterfaceOrientations_iPad = "UIInterfaceOrientationLandscapeLeft UIInterfaceOrientationLandscapeRight UIInterfaceOrientationPortrait UIInterfaceOrientationPortraitUpsideDown";
				LD_RUNPATH_SEARCH_PATHS = (
					"$(inherited)",
					"@executable_path/Frameworks",
				);
				MARKETING_VERSION = 1.0;
				PRODUCT_BUNDLE_IDENTIFIER = "shantsev.BMICalculator-Marathon";
				PRODUCT_NAME = "$(TARGET_NAME)";
				SWIFT_EMIT_LOC_STRINGS = YES;
				SWIFT_VERSION = 5.0;
				TARGETED_DEVICE_FAMILY = "1,2";
			};
			name = Debug;
		};
		CE6458B92974B47D00DBDDE8 /* Release */ = {
			isa = XCBuildConfiguration;
			buildSettings = {
				ASSETCATALOG_COMPILER_APPICON_NAME = AppIcon;
				ASSETCATALOG_COMPILER_GLOBAL_ACCENT_COLOR_NAME = AccentColor;
				CODE_SIGN_STYLE = Automatic;
				CURRENT_PROJECT_VERSION = 1;
				DEVELOPMENT_TEAM = W4T587833Q;
				GENERATE_INFOPLIST_FILE = YES;
				INFOPLIST_FILE = "BMICalculator-Marathon/Info.plist";
				INFOPLIST_KEY_UIApplicationSupportsIndirectInputEvents = YES;
				INFOPLIST_KEY_UILaunchStoryboardName = LaunchScreen;
				INFOPLIST_KEY_UISupportedInterfaceOrientations = UIInterfaceOrientationPortrait;
				INFOPLIST_KEY_UISupportedInterfaceOrientations_iPad = "UIInterfaceOrientationLandscapeLeft UIInterfaceOrientationLandscapeRight UIInterfaceOrientationPortrait UIInterfaceOrientationPortraitUpsideDown";
				LD_RUNPATH_SEARCH_PATHS = (
					"$(inherited)",
					"@executable_path/Frameworks",
				);
				MARKETING_VERSION = 1.0;
				PRODUCT_BUNDLE_IDENTIFIER = "shantsev.BMICalculator-Marathon";
				PRODUCT_NAME = "$(TARGET_NAME)";
				SWIFT_EMIT_LOC_STRINGS = YES;
				SWIFT_VERSION = 5.0;
				TARGETED_DEVICE_FAMILY = "1,2";
			};
			name = Release;
		};
/* End XCBuildConfiguration section */

/* Begin XCConfigurationList section */
		CE64589E2974B47B00DBDDE8 /* Build configuration list for PBXProject "BMICalculator-Marathon" */ = {
			isa = XCConfigurationList;
			buildConfigurations = (
				CE6458B52974B47D00DBDDE8 /* Debug */,
				CE6458B62974B47D00DBDDE8 /* Release */,
			);
			defaultConfigurationIsVisible = 0;
			defaultConfigurationName = Release;
		};
		CE6458B72974B47D00DBDDE8 /* Build configuration list for PBXNativeTarget "BMICalculator-Marathon" */ = {
			isa = XCConfigurationList;
			buildConfigurations = (
				CE6458B82974B47D00DBDDE8 /* Debug */,
				CE6458B92974B47D00DBDDE8 /* Release */,
			);
			defaultConfigurationIsVisible = 0;
			defaultConfigurationName = Release;
		};
/* End XCConfigurationList section */
	};
	rootObject = CE64589B2974B47B00DBDDE8 /* Project object */;
}
